
Microsoft Visual Studio Solution File, Format Version 12.00
# Visual Studio Version 16
VisualStudioVersion = 16.0.34931.43
MinimumVisualStudioVersion = 10.0.40219.1
Project("{FAE04EC0-301F-11D3-BF4B-00C04F79EFBC}") = "ConsoleApp21", "ConsoleApp21.csproj", "{4656C749-FAEC-4705-8FC5-CE718D9B9479}"
EndProject
Global
	GlobalSection(SolutionConfigurationPlatforms) = preSolution
		Debug|Any CPU = Debug|Any CPU
		Release|Any CPU = Release|Any CPU
	EndGlobalSection
	GlobalSection(ProjectConfigurationPlatforms) = postSolution
		{4656C749-FAEC-4705-8FC5-CE718D9B9479}.Debug|Any CPU.ActiveCfg = Debug|Any CPU
		{4656C749-FAEC-4705-8FC5-CE718D9B9479}.Debug|Any CPU.Build.0 = Debug|Any CPU
		{4656C749-FAEC-4705-8FC5-CE718D9B9479}.Release|Any CPU.ActiveCfg = Release|Any CPU
		{4656C749-FAEC-4705-8FC5-CE718D9B9479}.Release|Any CPU.Build.0 = Release|Any CPU
	EndGlobalSection
	GlobalSection(SolutionProperties) = preSolution
		HideSolutionNode = FALSE
	EndGlobalSection
	GlobalSection(ExtensibilityGlobals) = postSolution
		SolutionGuid = {05DF688B-AF4B-4EC5-B731-B2ACD076331B}
	EndGlobalSection
EndGlobal
